PODS:
  - Alamofire (4.8.2)
  - AlamofireImage (3.5.2):
    - Alamofire (~> 4.8)
  - GoogleMaps (3.0.3):
    - GoogleMaps/Maps (= 3.0.3)
  - GoogleMaps/Base (3.0.3)
  - GoogleMaps/Maps (3.0.3):
    - GoogleMaps/Base

DEPENDENCIES:
  - AlamofireImage
  - GoogleMaps

SPEC REPOS:
  https://github.com/cocoapods/specs.git:
    - Alamofire
    - AlamofireImage
    - GoogleMaps

SPEC CHECKSUMS:
  Alamofire: ae5c501addb7afdbb13687d7f2f722c78734c2d3
  AlamofireImage: 63cfe3baf1370be6c498149687cf6db3e3b00999
  GoogleMaps: fd5c9fa58871781b9fb94d4936f19c69fe60ce32

PODFILE CHECKSUM: c2c010c45257885dc162c6f428cd40bce0852810

COCOAPODS: 1.6.0.beta.2
